{
  "version": 4,
  "terraform_version": "1.3.9",
  "serial": 32,
  "lineage": "ec6484cb-229d-3460-d6ca-44b938303cc3",
  "outputs": {
    "vpc_id": {
      "value": "vpc-092ac5a7241102549",
      "type": "string"
    }
  },
  "resources": [
    {
      "mode": "managed",
      "type": "aws_eip",
      "name": "rionat1",
      "provider": "provider[\"registry.terraform.io/hashicorp/aws\"]",
      "instances": [
        {
          "schema_version": 0,
          "attributes": {
            "address": null,
            "allocation_id": "eipalloc-02ed5d5f6229b5c39",
            "associate_with_private_ip": null,
            "association_id": "eipassoc-027728b1902128fac",
            "carrier_ip": "",
            "customer_owned_ip": "",
            "customer_owned_ipv4_pool": "",
            "domain": "vpc",
            "id": "eipalloc-02ed5d5f6229b5c39",
            "instance": "",
            "network_border_group": "us-east-1",
            "network_interface": "eni-0ebe6924fb015e1a3",
            "private_dns": "ip-192-168-22-15.ec2.internal",
            "private_ip": "192.168.22.15",
            "public_dns": "ec2-3-87-130-237.compute-1.amazonaws.com",
            "public_ip": "3.87.130.237",
            "public_ipv4_pool": "amazon",
            "tags": {},
            "tags_all": {},
            "timeouts": null,
            "vpc": true
          },
          "sensitive_attributes": [],
          "private": "eyJlMmJmYjczMC1lY2FhLTExZTYtOGY4OC0zNDM2M2JjN2M0YzAiOnsiZGVsZXRlIjoxODAwMDAwMDAwMDAsInJlYWQiOjkwMDAwMDAwMDAwMCwidXBkYXRlIjozMDAwMDAwMDAwMDB9fQ==",
          "dependencies": [
            "aws_internet_gateway.riomain",
            "aws_vpc.riomain"
          ]
        }
      ]
    },
    {
      "mode": "managed",
      "type": "aws_eip",
      "name": "rionat2",
      "provider": "provider[\"registry.terraform.io/hashicorp/aws\"]",
      "instances": [
        {
          "schema_version": 0,
          "attributes": {
            "address": null,
            "allocation_id": "eipalloc-08b1d5ef507e25694",
            "associate_with_private_ip": null,
            "association_id": "eipassoc-0759153230e33c703",
            "carrier_ip": "",
            "customer_owned_ip": "",
            "customer_owned_ipv4_pool": "",
            "domain": "vpc",
            "id": "eipalloc-08b1d5ef507e25694",
            "instance": "",
            "network_border_group": "us-east-1",
            "network_interface": "eni-07934d73b14e848a2",
            "private_dns": "ip-192-168-121-221.ec2.internal",
            "private_ip": "192.168.121.221",
            "public_dns": "ec2-54-84-217-140.compute-1.amazonaws.com",
            "public_ip": "54.84.217.140",
            "public_ipv4_pool": "amazon",
            "tags": {},
            "tags_all": {},
            "timeouts": null,
            "vpc": true
          },
          "sensitive_attributes": [],
          "private": "eyJlMmJmYjczMC1lY2FhLTExZTYtOGY4OC0zNDM2M2JjN2M0YzAiOnsiZGVsZXRlIjoxODAwMDAwMDAwMDAsInJlYWQiOjkwMDAwMDAwMDAwMCwidXBkYXRlIjozMDAwMDAwMDAwMDB9fQ==",
          "dependencies": [
            "aws_internet_gateway.riomain",
            "aws_vpc.riomain"
          ]
        }
      ]
    },
    {
      "mode": "managed",
      "type": "aws_eks_cluster",
      "name": "rioeks",
      "provider": "provider[\"registry.terraform.io/hashicorp/aws\"]",
      "instances": [
        {
          "schema_version": 0,
          "attributes": {
            "arn": "arn:aws:eks:us-east-1:475600362560:cluster/rioeks",
            "certificate_authority": [
              {
                "data": "LS0tLS1CRUdJTiBDRVJUSUZJQ0FURS0tLS0tCk1JSUMvakNDQWVhZ0F3SUJBZ0lCQURBTkJna3Foa2lHOXcwQkFRc0ZBREFWTVJNd0VRWURWUVFERXdwcmRXSmwKY201bGRHVnpNQjRYRFRJek1ESXlPREE1TkRBd09Gb1hEVE16TURJeU5UQTVOREF3T0Zvd0ZURVRNQkVHQTFVRQpBeE1LYTNWaVpYSnVaWFJsY3pDQ0FTSXdEUVlKS29aSWh2Y05BUUVCQlFBRGdnRVBBRENDQVFvQ2dnRUJBSmFoClQzaXlIQzBZNDFKU0ZnK2JMdVc4Y2dTdTR0RjhiaDNUVGNYelE4RHpENm94K1FDemdhQ2s4KzRScTk2c01YbzYKUnRCWFJUVjlNSWpHdFUxeU5LU0pPdnVCdE82Z3RrSS8vS1l5WGdSL1BGdlhsd1BWenFWL21YaUl3NGNvbzIrRQpnZ3libW9reW5rRitjSmdXSlJ3c21CY09ZYTByd2hiNGxrUzU2TzJqb0F0aysrZzFNTUR3Y1RlTmkrQ3U0TllMCjkvMUhaQzVDUmt6RmJpV2FGdFZRZnJwenB1QkQwL2RyNVd0R2t0bi9NRGQ0d3VHeE5uQmg0TWt2UlJuWjQyUFMKUCtVTk0ydDd1cGtDb2xsRG9ZanFxU2FjbEhZVjcxYytiZmZ1dG9xNXlRQjZWZW92bzFjbC9yV3Q2WERiWE5OcApUdlFuM0llOUFmM1lOSWp0Z1QwQ0F3RUFBYU5aTUZjd0RnWURWUjBQQVFIL0JBUURBZ0trTUE4R0ExVWRFd0VCCi93UUZNQU1CQWY4d0hRWURWUjBPQkJZRUZDS1lCeStNRjc5MHRIV0F4V29zcXFPMlFvSTBNQlVHQTFVZEVRUU8KTUF5Q0NtdDFZbVZ5Ym1WMFpYTXdEUVlKS29aSWh2Y05BUUVMQlFBRGdnRUJBQWxLVHVhdGQxbFMwL1BZcWxMSAppRVVGZEo4cTlGRDdjbHdSaFRoeDU0WHB4d20yN1dBT1Y1US9ZbnRNRkIzNThuZjh2TitjeVlxd0t6aXFkRVhMCkJTR1lINzhmRUdZOGVNYVlhLzdSSTFaMXNSRTQrR2VHek9vUys0cFQxMnlWYmVSaDJwVDdEano2dVpreG1wM2cKM0dscmF1QmdKVXhzSFhFOFNDc1pkWTVTS2tBa0Rva1hGbG5hdUpJY3QrUmZQRzIyTUY3SHVpMHFMbUo4Y2ZXQQoyUlR1M0taRDg2WmE5SzNqWFJKc1hzVi9Hd0ZoZW4rVkJ3WjYvWDhxOVdBdXFodlJER2d3enFEK1VsaGdzajlSCks0b1VRZ0RDNElNdGltdFRkbzJpKzBjclNudi9jTEhwVTc1WHgwQUYzYjM1STFCb2w3emxKNTRVUUlDM1h6QVIKV2ZFPQotLS0tLUVORCBDRVJUSUZJQ0FURS0tLS0tCg=="
              }
            ],
            "created_at": "2023-02-28 09:34:28.65 +0000 UTC",
            "enabled_cluster_log_types": [],
            "encryption_config": [],
            "endpoint": "https://CA552C1D7541CA6C11BC3CB979F3E884.gr7.us-east-1.eks.amazonaws.com",
            "id": "rioeks",
            "identity": [
              {
                "oidc": [
                  {
                    "issuer": "https://oidc.eks.us-east-1.amazonaws.com/id/CA552C1D7541CA6C11BC3CB979F3E884"
                  }
                ]
              }
            ],
            "kubernetes_network_config": [
              {
                "ip_family": "ipv4",
                "service_ipv4_cidr": "10.100.0.0/16"
              }
            ],
            "name": "rioeks",
            "platform_version": "eks.4",
            "role_arn": "arn:aws:iam::475600362560:role/rioeks-cluster",
            "status": "ACTIVE",
            "tags": {},
            "tags_all": {},
            "timeouts": null,
            "version": "1.24",
            "vpc_config": [
              {
                "cluster_security_group_id": "sg-063fb90ccb8af0835",
                "endpoint_private_access": false,
                "endpoint_public_access": true,
                "public_access_cidrs": [
                  "0.0.0.0/0"
                ],
                "security_group_ids": [],
                "subnet_ids": [
                  "subnet-0024f1e0d887b8bb4",
                  "subnet-010311dc68750f3b2",
                  "subnet-069d2af020cf43730",
                  "subnet-0e0e8b13fc8ed350f"
                ],
                "vpc_id": "vpc-092ac5a7241102549"
              }
            ]
          },
          "sensitive_attributes": [],
          "private": "eyJlMmJmYjczMC1lY2FhLTExZTYtOGY4OC0zNDM2M2JjN2M0YzAiOnsiY3JlYXRlIjoxODAwMDAwMDAwMDAwLCJkZWxldGUiOjkwMDAwMDAwMDAwMCwidXBkYXRlIjozNjAwMDAwMDAwMDAwfX0=",
          "dependencies": [
            "aws_iam_role.rioeks_cluster",
            "aws_iam_role_policy_attachment.rioamazon_eks_cluster_policy",
            "aws_subnet.rioprivate_1",
            "aws_subnet.rioprivate_2",
            "aws_subnet.riopublic_1",
            "aws_subnet.riopublic_2",
            "aws_vpc.riomain"
          ]
        }
      ]
    },
    {
      "mode": "managed",
      "type": "aws_eks_node_group",
      "name": "rionodes_general",
      "provider": "provider[\"registry.terraform.io/hashicorp/aws\"]",
      "instances": [
        {
          "schema_version": 0,
          "attributes": {
            "ami_type": "AL2_x86_64",
            "arn": "arn:aws:eks:us-east-1:475600362560:nodegroup/rioeks/rionodes-general/2ec34bb4-ae7d-7db7-842f-9af60655bd03",
            "capacity_type": "ON_DEMAND",
            "cluster_name": "rioeks",
            "disk_size": 20,
            "force_update_version": false,
            "id": "rioeks:rionodes-general",
            "instance_types": [
              "t3.small"
            ],
            "labels": {
              "role": "nodes-general"
            },
            "launch_template": [],
            "node_group_name": "rionodes-general",
            "node_group_name_prefix": "",
            "node_role_arn": "arn:aws:iam::475600362560:role/rioeks-node-group-general",
            "release_version": "1.24.10-20230217",
            "remote_access": [],
            "resources": [
              {
                "autoscaling_groups": [
                  {
                    "name": "eks-rionodes-general-2ec34bb4-ae7d-7db7-842f-9af60655bd03"
                  }
                ],
                "remote_access_security_group_id": ""
              }
            ],
            "scaling_config": [
              {
                "desired_size": 1,
                "max_size": 1,
                "min_size": 1
              }
            ],
            "status": "ACTIVE",
            "subnet_ids": [
              "subnet-0024f1e0d887b8bb4",
              "subnet-010311dc68750f3b2"
            ],
            "tags": {},
            "tags_all": {},
            "taint": [],
            "timeouts": null,
            "update_config": [
              {
                "max_unavailable": 1,
                "max_unavailable_percentage": 0
              }
            ],
            "version": "1.24"
          },
          "sensitive_attributes": [],
          "private": "eyJlMmJmYjczMC1lY2FhLTExZTYtOGY4OC0zNDM2M2JjN2M0YzAiOnsiY3JlYXRlIjozNjAwMDAwMDAwMDAwLCJkZWxldGUiOjM2MDAwMDAwMDAwMDAsInVwZGF0ZSI6MzYwMDAwMDAwMDAwMH19",
          "dependencies": [
            "aws_eks_cluster.rioeks",
            "aws_iam_role.rioeks_cluster",
            "aws_iam_role.rionodes_general",
            "aws_iam_role_policy_attachment.rioamazon_ec2_container_registry_read_only",
            "aws_iam_role_policy_attachment.rioamazon_eks_cluster_policy",
            "aws_iam_role_policy_attachment.rioamazon_eks_cni_policy_general",
            "aws_iam_role_policy_attachment.rioamazon_eks_worker_node_policy_general",
            "aws_subnet.rioprivate_1",
            "aws_subnet.rioprivate_2",
            "aws_subnet.riopublic_1",
            "aws_subnet.riopublic_2",
            "aws_vpc.riomain"
          ]
        }
      ]
    },
    {
      "mode": "managed",
      "type": "aws_iam_role",
      "name": "rioeks_cluster",
      "provider": "provider[\"registry.terraform.io/hashicorp/aws\"]",
      "instances": [
        {
          "schema_version": 0,
          "attributes": {
            "arn": "arn:aws:iam::475600362560:role/rioeks-cluster",
            "assume_role_policy": "{\"Version\":\"2012-10-17\",\"Statement\":[{\"Effect\":\"Allow\",\"Principal\":{\"Service\":\"eks.amazonaws.com\"},\"Action\":\"sts:AssumeRole\"}]}",
            "create_date": "2023-02-28T09:34:19Z",
            "description": "",
            "force_detach_policies": false,
            "id": "rioeks-cluster",
            "inline_policy": [
              {
                "name": "",
                "policy": ""
              }
            ],
            "managed_policy_arns": [
              "arn:aws:iam::aws:policy/AmazonEKSClusterPolicy"
            ],
            "max_session_duration": 3600,
            "name": "rioeks-cluster",
            "name_prefix": "",
            "path": "/",
            "permissions_boundary": null,
            "tags": {},
            "tags_all": {},
            "unique_id": "AROAW5O75TRAPOABN3ITP"
          },
          "sensitive_attributes": [],
          "private": "bnVsbA=="
        }
      ]
    },
    {
      "mode": "managed",
      "type": "aws_iam_role",
      "name": "rionodes_general",
      "provider": "provider[\"registry.terraform.io/hashicorp/aws\"]",
      "instances": [
        {
          "schema_version": 0,
          "attributes": {
            "arn": "arn:aws:iam::475600362560:role/rioeks-node-group-general",
            "assume_role_policy": "{\"Version\":\"2012-10-17\",\"Statement\":[{\"Effect\":\"Allow\",\"Principal\":{\"Service\":\"ec2.amazonaws.com\"},\"Action\":\"sts:AssumeRole\"}]}",
            "create_date": "2023-02-28T09:34:19Z",
            "description": "",
            "force_detach_policies": false,
            "id": "rioeks-node-group-general",
            "inline_policy": [
              {
                "name": "",
                "policy": ""
              }
            ],
            "managed_policy_arns": [
              "arn:aws:iam::aws:policy/AmazonEC2ContainerRegistryReadOnly",
              "arn:aws:iam::aws:policy/AmazonEKSWorkerNodePolicy",
              "arn:aws:iam::aws:policy/AmazonEKS_CNI_Policy"
            ],
            "max_session_duration": 3600,
            "name": "rioeks-node-group-general",
            "name_prefix": "",
            "path": "/",
            "permissions_boundary": null,
            "tags": {},
            "tags_all": {},
            "unique_id": "AROAW5O75TRAOGFMUAOB5"
          },
          "sensitive_attributes": [],
          "private": "bnVsbA=="
        }
      ]
    },
    {
      "mode": "managed",
      "type": "aws_iam_role_policy_attachment",
      "name": "rioamazon_ec2_container_registry_read_only",
      "provider": "provider[\"registry.terraform.io/hashicorp/aws\"]",
      "instances": [
        {
          "schema_version": 0,
          "attributes": {
            "id": "rioeks-node-group-general-20230228093425301800000002",
            "policy_arn": "arn:aws:iam::aws:policy/AmazonEC2ContainerRegistryReadOnly",
            "role": "rioeks-node-group-general"
          },
          "sensitive_attributes": [],
          "private": "bnVsbA==",
          "dependencies": [
            "aws_iam_role.rionodes_general"
          ]
        }
      ]
    },
    {
      "mode": "managed",
      "type": "aws_iam_role_policy_attachment",
      "name": "rioamazon_eks_cluster_policy",
      "provider": "provider[\"registry.terraform.io/hashicorp/aws\"]",
      "instances": [
        {
          "schema_version": 0,
          "attributes": {
            "id": "rioeks-cluster-20230228093425332900000004",
            "policy_arn": "arn:aws:iam::aws:policy/AmazonEKSClusterPolicy",
            "role": "rioeks-cluster"
          },
          "sensitive_attributes": [],
          "private": "bnVsbA==",
          "dependencies": [
            "aws_iam_role.rioeks_cluster"
          ]
        }
      ]
    },
    {
      "mode": "managed",
      "type": "aws_iam_role_policy_attachment",
      "name": "rioamazon_eks_cni_policy_general",
      "provider": "provider[\"registry.terraform.io/hashicorp/aws\"]",
      "instances": [
        {
          "schema_version": 0,
          "attributes": {
            "id": "rioeks-node-group-general-20230228093425315200000003",
            "policy_arn": "arn:aws:iam::aws:policy/AmazonEKS_CNI_Policy",
            "role": "rioeks-node-group-general"
          },
          "sensitive_attributes": [],
          "private": "bnVsbA==",
          "dependencies": [
            "aws_iam_role.rionodes_general"
          ]
        }
      ]
    },
    {
      "mode": "managed",
      "type": "aws_iam_role_policy_attachment",
      "name": "rioamazon_eks_worker_node_policy_general",
      "provider": "provider[\"registry.terraform.io/hashicorp/aws\"]",
      "instances": [
        {
          "schema_version": 0,
          "attributes": {
            "id": "rioeks-node-group-general-20230228093425287000000001",
            "policy_arn": "arn:aws:iam::aws:policy/AmazonEKSWorkerNodePolicy",
            "role": "rioeks-node-group-general"
          },
          "sensitive_attributes": [],
          "private": "bnVsbA==",
          "dependencies": [
            "aws_iam_role.rionodes_general"
          ]
        }
      ]
    },
    {
      "mode": "managed",
      "type": "aws_internet_gateway",
      "name": "riomain",
      "provider": "provider[\"registry.terraform.io/hashicorp/aws\"]",
      "instances": [
        {
          "schema_version": 0,
          "attributes": {
            "arn": "arn:aws:ec2:us-east-1:475600362560:internet-gateway/igw-0c1e48e20f1dca07d",
            "id": "igw-0c1e48e20f1dca07d",
            "owner_id": "475600362560",
            "tags": {
              "Name": "riomain"
            },
            "tags_all": {
              "Name": "riomain"
            },
            "vpc_id": "vpc-092ac5a7241102549"
          },
          "sensitive_attributes": [],
          "private": "bnVsbA==",
          "dependencies": [
            "aws_vpc.riomain"
          ]
        }
      ]
    },
    {
      "mode": "managed",
      "type": "aws_nat_gateway",
      "name": "riogw1",
      "provider": "provider[\"registry.terraform.io/hashicorp/aws\"]",
      "instances": [
        {
          "schema_version": 0,
          "attributes": {
            "allocation_id": "eipalloc-02ed5d5f6229b5c39",
            "connectivity_type": "public",
            "id": "nat-0b2e6a02b77535308",
            "network_interface_id": "eni-0ebe6924fb015e1a3",
            "private_ip": "192.168.22.15",
            "public_ip": "3.87.130.237",
            "subnet_id": "subnet-0e0e8b13fc8ed350f",
            "tags": {
              "Name": "rioNAT 1"
            },
            "tags_all": {
              "Name": "rioNAT 1"
            }
          },
          "sensitive_attributes": [],
          "private": "bnVsbA==",
          "dependencies": [
            "aws_eip.rionat1",
            "aws_internet_gateway.riomain",
            "aws_subnet.riopublic_1",
            "aws_vpc.riomain"
          ]
        }
      ]
    },
    {
      "mode": "managed",
      "type": "aws_nat_gateway",
      "name": "riogw2",
      "provider": "provider[\"registry.terraform.io/hashicorp/aws\"]",
      "instances": [
        {
          "schema_version": 0,
          "attributes": {
            "allocation_id": "eipalloc-08b1d5ef507e25694",
            "connectivity_type": "public",
            "id": "nat-0c947641e7c018bee",
            "network_interface_id": "eni-07934d73b14e848a2",
            "private_ip": "192.168.121.221",
            "public_ip": "54.84.217.140",
            "subnet_id": "subnet-069d2af020cf43730",
            "tags": {
              "Name": "rioNAT 2"
            },
            "tags_all": {
              "Name": "rioNAT 2"
            }
          },
          "sensitive_attributes": [],
          "private": "bnVsbA==",
          "dependencies": [
            "aws_eip.rionat2",
            "aws_internet_gateway.riomain",
            "aws_subnet.riopublic_2",
            "aws_vpc.riomain"
          ]
        }
      ]
    },
    {
      "mode": "managed",
      "type": "aws_route_table",
      "name": "rioprivate1",
      "provider": "provider[\"registry.terraform.io/hashicorp/aws\"]",
      "instances": [
        {
          "schema_version": 0,
          "attributes": {
            "arn": "arn:aws:ec2:us-east-1:475600362560:route-table/rtb-0b8745742d00f187d",
            "id": "rtb-0b8745742d00f187d",
            "owner_id": "475600362560",
            "propagating_vgws": [],
            "route": [
              {
                "carrier_gateway_id": "",
                "cidr_block": "0.0.0.0/0",
                "destination_prefix_list_id": "",
                "egress_only_gateway_id": "",
                "gateway_id": "",
                "instance_id": "",
                "ipv6_cidr_block": "",
                "local_gateway_id": "",
                "nat_gateway_id": "nat-0b2e6a02b77535308",
                "network_interface_id": "",
                "transit_gateway_id": "",
                "vpc_endpoint_id": "",
                "vpc_peering_connection_id": ""
              }
            ],
            "tags": {
              "Name": "rioprivate1"
            },
            "tags_all": {
              "Name": "rioprivate1"
            },
            "timeouts": null,
            "vpc_id": "vpc-092ac5a7241102549"
          },
          "sensitive_attributes": [],
          "private": "eyJlMmJmYjczMC1lY2FhLTExZTYtOGY4OC0zNDM2M2JjN2M0YzAiOnsiY3JlYXRlIjozMDAwMDAwMDAwMDAsImRlbGV0ZSI6MzAwMDAwMDAwMDAwLCJ1cGRhdGUiOjEyMDAwMDAwMDAwMH19",
          "dependencies": [
            "aws_eip.rionat1",
            "aws_internet_gateway.riomain",
            "aws_nat_gateway.riogw1",
            "aws_subnet.riopublic_1",
            "aws_vpc.riomain"
          ]
        }
      ]
    },
    {
      "mode": "managed",
      "type": "aws_route_table",
      "name": "rioprivate2",
      "provider": "provider[\"registry.terraform.io/hashicorp/aws\"]",
      "instances": [
        {
          "schema_version": 0,
          "attributes": {
            "arn": "arn:aws:ec2:us-east-1:475600362560:route-table/rtb-08fdc78b2b49a385b",
            "id": "rtb-08fdc78b2b49a385b",
            "owner_id": "475600362560",
            "propagating_vgws": [],
            "route": [
              {
                "carrier_gateway_id": "",
                "cidr_block": "0.0.0.0/0",
                "destination_prefix_list_id": "",
                "egress_only_gateway_id": "",
                "gateway_id": "",
                "instance_id": "",
                "ipv6_cidr_block": "",
                "local_gateway_id": "",
                "nat_gateway_id": "nat-0c947641e7c018bee",
                "network_interface_id": "",
                "transit_gateway_id": "",
                "vpc_endpoint_id": "",
                "vpc_peering_connection_id": ""
              }
            ],
            "tags": {
              "Name": "rioprivate2"
            },
            "tags_all": {
              "Name": "rioprivate2"
            },
            "timeouts": null,
            "vpc_id": "vpc-092ac5a7241102549"
          },
          "sensitive_attributes": [],
          "private": "eyJlMmJmYjczMC1lY2FhLTExZTYtOGY4OC0zNDM2M2JjN2M0YzAiOnsiY3JlYXRlIjozMDAwMDAwMDAwMDAsImRlbGV0ZSI6MzAwMDAwMDAwMDAwLCJ1cGRhdGUiOjEyMDAwMDAwMDAwMH19",
          "dependencies": [
            "aws_eip.rionat2",
            "aws_internet_gateway.riomain",
            "aws_nat_gateway.riogw2",
            "aws_subnet.riopublic_2",
            "aws_vpc.riomain"
          ]
        }
      ]
    },
    {
      "mode": "managed",
      "type": "aws_route_table",
      "name": "riopublic",
      "provider": "provider[\"registry.terraform.io/hashicorp/aws\"]",
      "instances": [
        {
          "schema_version": 0,
          "attributes": {
            "arn": "arn:aws:ec2:us-east-1:475600362560:route-table/rtb-0c183be632e3d86b9",
            "id": "rtb-0c183be632e3d86b9",
            "owner_id": "475600362560",
            "propagating_vgws": [],
            "route": [
              {
                "carrier_gateway_id": "",
                "cidr_block": "0.0.0.0/0",
                "destination_prefix_list_id": "",
                "egress_only_gateway_id": "",
                "gateway_id": "igw-0c1e48e20f1dca07d",
                "instance_id": "",
                "ipv6_cidr_block": "",
                "local_gateway_id": "",
                "nat_gateway_id": "",
                "network_interface_id": "",
                "transit_gateway_id": "",
                "vpc_endpoint_id": "",
                "vpc_peering_connection_id": ""
              }
            ],
            "tags": {
              "Name": "riopublic"
            },
            "tags_all": {
              "Name": "riopublic"
            },
            "timeouts": null,
            "vpc_id": "vpc-092ac5a7241102549"
          },
          "sensitive_attributes": [],
          "private": "eyJlMmJmYjczMC1lY2FhLTExZTYtOGY4OC0zNDM2M2JjN2M0YzAiOnsiY3JlYXRlIjozMDAwMDAwMDAwMDAsImRlbGV0ZSI6MzAwMDAwMDAwMDAwLCJ1cGRhdGUiOjEyMDAwMDAwMDAwMH19",
          "dependencies": [
            "aws_internet_gateway.riomain",
            "aws_vpc.riomain"
          ]
        }
      ]
    },
    {
      "mode": "managed",
      "type": "aws_route_table_association",
      "name": "rioprivate1",
      "provider": "provider[\"registry.terraform.io/hashicorp/aws\"]",
      "instances": [
        {
          "schema_version": 0,
          "attributes": {
            "gateway_id": "",
            "id": "rtbassoc-0814a3532d9e96123",
            "route_table_id": "rtb-0b8745742d00f187d",
            "subnet_id": "subnet-010311dc68750f3b2"
          },
          "sensitive_attributes": [],
          "private": "bnVsbA==",
          "dependencies": [
            "aws_eip.rionat1",
            "aws_internet_gateway.riomain",
            "aws_nat_gateway.riogw1",
            "aws_route_table.rioprivate1",
            "aws_subnet.rioprivate_1",
            "aws_subnet.riopublic_1",
            "aws_vpc.riomain"
          ]
        }
      ]
    },
    {
      "mode": "managed",
      "type": "aws_route_table_association",
      "name": "rioprivate2",
      "provider": "provider[\"registry.terraform.io/hashicorp/aws\"]",
      "instances": [
        {
          "schema_version": 0,
          "attributes": {
            "gateway_id": "",
            "id": "rtbassoc-0699dba023d9b442c",
            "route_table_id": "rtb-08fdc78b2b49a385b",
            "subnet_id": "subnet-0024f1e0d887b8bb4"
          },
          "sensitive_attributes": [],
          "private": "bnVsbA==",
          "dependencies": [
            "aws_eip.rionat2",
            "aws_internet_gateway.riomain",
            "aws_nat_gateway.riogw2",
            "aws_route_table.rioprivate2",
            "aws_subnet.rioprivate_2",
            "aws_subnet.riopublic_2",
            "aws_vpc.riomain"
          ]
        }
      ]
    },
    {
      "mode": "managed",
      "type": "aws_route_table_association",
      "name": "riopublic1",
      "provider": "provider[\"registry.terraform.io/hashicorp/aws\"]",
      "instances": [
        {
          "schema_version": 0,
          "attributes": {
            "gateway_id": "",
            "id": "rtbassoc-0ea52130c60d91830",
            "route_table_id": "rtb-0c183be632e3d86b9",
            "subnet_id": "subnet-0e0e8b13fc8ed350f"
          },
          "sensitive_attributes": [],
          "private": "bnVsbA==",
          "dependencies": [
            "aws_internet_gateway.riomain",
            "aws_route_table.riopublic",
            "aws_subnet.riopublic_1",
            "aws_vpc.riomain"
          ]
        }
      ]
    },
    {
      "mode": "managed",
      "type": "aws_route_table_association",
      "name": "riopublic2",
      "provider": "provider[\"registry.terraform.io/hashicorp/aws\"]",
      "instances": [
        {
          "schema_version": 0,
          "attributes": {
            "gateway_id": "",
            "id": "rtbassoc-058f5020cd04b4d23",
            "route_table_id": "rtb-0c183be632e3d86b9",
            "subnet_id": "subnet-069d2af020cf43730"
          },
          "sensitive_attributes": [],
          "private": "bnVsbA==",
          "dependencies": [
            "aws_internet_gateway.riomain",
            "aws_route_table.riopublic",
            "aws_subnet.riopublic_2",
            "aws_vpc.riomain"
          ]
        }
      ]
    },
    {
      "mode": "managed",
      "type": "aws_subnet",
      "name": "rioprivate_1",
      "provider": "provider[\"registry.terraform.io/hashicorp/aws\"]",
      "instances": [
        {
          "schema_version": 1,
          "attributes": {
            "arn": "arn:aws:ec2:us-east-1:475600362560:subnet/subnet-010311dc68750f3b2",
            "assign_ipv6_address_on_creation": false,
            "availability_zone": "us-east-1a",
            "availability_zone_id": "use1-az2",
            "cidr_block": "192.168.128.0/18",
            "customer_owned_ipv4_pool": "",
            "enable_dns64": false,
            "enable_resource_name_dns_a_record_on_launch": false,
            "enable_resource_name_dns_aaaa_record_on_launch": false,
            "id": "subnet-010311dc68750f3b2",
            "ipv6_cidr_block": "",
            "ipv6_cidr_block_association_id": "",
            "ipv6_native": false,
            "map_customer_owned_ip_on_launch": false,
            "map_public_ip_on_launch": false,
            "outpost_arn": "",
            "owner_id": "475600362560",
            "private_dns_hostname_type_on_launch": "ip-name",
            "tags": {
              "Name": "rioprivate-us-east-1a",
              "kubernetes.io/cluster/eks": "shared",
              "kubernetes.io/role/internal-elb": "1"
            },
            "tags_all": {
              "Name": "rioprivate-us-east-1a",
              "kubernetes.io/cluster/eks": "shared",
              "kubernetes.io/role/internal-elb": "1"
            },
            "timeouts": null,
            "vpc_id": "vpc-092ac5a7241102549"
          },
          "sensitive_attributes": [],
          "private": "eyJlMmJmYjczMC1lY2FhLTExZTYtOGY4OC0zNDM2M2JjN2M0YzAiOnsiY3JlYXRlIjo2MDAwMDAwMDAwMDAsImRlbGV0ZSI6MTIwMDAwMDAwMDAwMH0sInNjaGVtYV92ZXJzaW9uIjoiMSJ9",
          "dependencies": [
            "aws_vpc.riomain"
          ]
        }
      ]
    },
    {
      "mode": "managed",
      "type": "aws_subnet",
      "name": "rioprivate_2",
      "provider": "provider[\"registry.terraform.io/hashicorp/aws\"]",
      "instances": [
        {
          "schema_version": 1,
          "attributes": {
            "arn": "arn:aws:ec2:us-east-1:475600362560:subnet/subnet-0024f1e0d887b8bb4",
            "assign_ipv6_address_on_creation": false,
            "availability_zone": "us-east-1b",
            "availability_zone_id": "use1-az4",
            "cidr_block": "192.168.192.0/18",
            "customer_owned_ipv4_pool": "",
            "enable_dns64": false,
            "enable_resource_name_dns_a_record_on_launch": false,
            "enable_resource_name_dns_aaaa_record_on_launch": false,
            "id": "subnet-0024f1e0d887b8bb4",
            "ipv6_cidr_block": "",
            "ipv6_cidr_block_association_id": "",
            "ipv6_native": false,
            "map_customer_owned_ip_on_launch": false,
            "map_public_ip_on_launch": false,
            "outpost_arn": "",
            "owner_id": "475600362560",
            "private_dns_hostname_type_on_launch": "ip-name",
            "tags": {
              "Name": "rioprivate-us-east-1b",
              "kubernetes.io/cluster/eks": "shared",
              "kubernetes.io/role/internal-elb": "1"
            },
            "tags_all": {
              "Name": "rioprivate-us-east-1b",
              "kubernetes.io/cluster/eks": "shared",
              "kubernetes.io/role/internal-elb": "1"
            },
            "timeouts": null,
            "vpc_id": "vpc-092ac5a7241102549"
          },
          "sensitive_attributes": [],
          "private": "eyJlMmJmYjczMC1lY2FhLTExZTYtOGY4OC0zNDM2M2JjN2M0YzAiOnsiY3JlYXRlIjo2MDAwMDAwMDAwMDAsImRlbGV0ZSI6MTIwMDAwMDAwMDAwMH0sInNjaGVtYV92ZXJzaW9uIjoiMSJ9",
          "dependencies": [
            "aws_vpc.riomain"
          ]
        }
      ]
    },
    {
      "mode": "managed",
      "type": "aws_subnet",
      "name": "riopublic_1",
      "provider": "provider[\"registry.terraform.io/hashicorp/aws\"]",
      "instances": [
        {
          "schema_version": 1,
          "attributes": {
            "arn": "arn:aws:ec2:us-east-1:475600362560:subnet/subnet-0e0e8b13fc8ed350f",
            "assign_ipv6_address_on_creation": false,
            "availability_zone": "us-east-1a",
            "availability_zone_id": "use1-az2",
            "cidr_block": "192.168.0.0/18",
            "customer_owned_ipv4_pool": "",
            "enable_dns64": false,
            "enable_resource_name_dns_a_record_on_launch": false,
            "enable_resource_name_dns_aaaa_record_on_launch": false,
            "id": "subnet-0e0e8b13fc8ed350f",
            "ipv6_cidr_block": "",
            "ipv6_cidr_block_association_id": "",
            "ipv6_native": false,
            "map_customer_owned_ip_on_launch": false,
            "map_public_ip_on_launch": true,
            "outpost_arn": "",
            "owner_id": "475600362560",
            "private_dns_hostname_type_on_launch": "ip-name",
            "tags": {
              "Name": "riopublic-us-east-1a",
              "kubernetes.io/cluster/eks": "shared",
              "kubernetes.io/role/elb": "1"
            },
            "tags_all": {
              "Name": "riopublic-us-east-1a",
              "kubernetes.io/cluster/eks": "shared",
              "kubernetes.io/role/elb": "1"
            },
            "timeouts": null,
            "vpc_id": "vpc-092ac5a7241102549"
          },
          "sensitive_attributes": [],
          "private": "eyJlMmJmYjczMC1lY2FhLTExZTYtOGY4OC0zNDM2M2JjN2M0YzAiOnsiY3JlYXRlIjo2MDAwMDAwMDAwMDAsImRlbGV0ZSI6MTIwMDAwMDAwMDAwMH0sInNjaGVtYV92ZXJzaW9uIjoiMSJ9",
          "dependencies": [
            "aws_vpc.riomain"
          ]
        }
      ]
    },
    {
      "mode": "managed",
      "type": "aws_subnet",
      "name": "riopublic_2",
      "provider": "provider[\"registry.terraform.io/hashicorp/aws\"]",
      "instances": [
        {
          "schema_version": 1,
          "attributes": {
            "arn": "arn:aws:ec2:us-east-1:475600362560:subnet/subnet-069d2af020cf43730",
            "assign_ipv6_address_on_creation": false,
            "availability_zone": "us-east-1b",
            "availability_zone_id": "use1-az4",
            "cidr_block": "192.168.64.0/18",
            "customer_owned_ipv4_pool": "",
            "enable_dns64": false,
            "enable_resource_name_dns_a_record_on_launch": false,
            "enable_resource_name_dns_aaaa_record_on_launch": false,
            "id": "subnet-069d2af020cf43730",
            "ipv6_cidr_block": "",
            "ipv6_cidr_block_association_id": "",
            "ipv6_native": false,
            "map_customer_owned_ip_on_launch": false,
            "map_public_ip_on_launch": true,
            "outpost_arn": "",
            "owner_id": "475600362560",
            "private_dns_hostname_type_on_launch": "ip-name",
            "tags": {
              "Name": "riopublic-us-east-1b",
              "kubernetes.io/cluster/eks": "shared",
              "kubernetes.io/role/elb": "1"
            },
            "tags_all": {
              "Name": "riopublic-us-east-1b",
              "kubernetes.io/cluster/eks": "shared",
              "kubernetes.io/role/elb": "1"
            },
            "timeouts": null,
            "vpc_id": "vpc-092ac5a7241102549"
          },
          "sensitive_attributes": [],
          "private": "eyJlMmJmYjczMC1lY2FhLTExZTYtOGY4OC0zNDM2M2JjN2M0YzAiOnsiY3JlYXRlIjo2MDAwMDAwMDAwMDAsImRlbGV0ZSI6MTIwMDAwMDAwMDAwMH0sInNjaGVtYV92ZXJzaW9uIjoiMSJ9",
          "dependencies": [
            "aws_vpc.riomain"
          ]
        }
      ]
    },
    {
      "mode": "managed",
      "type": "aws_vpc",
      "name": "riomain",
      "provider": "provider[\"registry.terraform.io/hashicorp/aws\"]",
      "instances": [
        {
          "schema_version": 1,
          "attributes": {
            "arn": "arn:aws:ec2:us-east-1:475600362560:vpc/vpc-092ac5a7241102549",
            "assign_generated_ipv6_cidr_block": false,
            "cidr_block": "192.168.0.0/16",
            "default_network_acl_id": "acl-070f7d3ff8ba9e75e",
            "default_route_table_id": "rtb-08fc4f90ed5c5fa2e",
            "default_security_group_id": "sg-05b4b1618f788f195",
            "dhcp_options_id": "dopt-6c2c6317",
            "enable_classiclink": false,
            "enable_classiclink_dns_support": false,
            "enable_dns_hostnames": true,
            "enable_dns_support": true,
            "id": "vpc-092ac5a7241102549",
            "instance_tenancy": "default",
            "ipv4_ipam_pool_id": null,
            "ipv4_netmask_length": null,
            "ipv6_association_id": "",
            "ipv6_cidr_block": "",
            "ipv6_cidr_block_network_border_group": "",
            "ipv6_ipam_pool_id": "",
            "ipv6_netmask_length": 0,
            "main_route_table_id": "rtb-08fc4f90ed5c5fa2e",
            "owner_id": "475600362560",
            "tags": {
              "Name": "riomain"
            },
            "tags_all": {
              "Name": "riomain"
            }
          },
          "sensitive_attributes": [],
          "private": "eyJzY2hlbWFfdmVyc2lvbiI6IjEifQ=="
        }
      ]
    }
  ],
  "check_results": null
}
